
Microsoft Visual Studio Solution File, Format Version 12.00
# Visual Studio Version 17
VisualStudioVersion = 17.10.35013.160
MinimumVisualStudioVersion = 10.0.40219.1
Project("{9A19103F-16F7-4668-BE54-9A1E7A4F7556}") = "N1(O'zgaruvchilarni e'lon qilish)", "N1(O'zgaruvchilarni e'lon qilish)\N1(O'zgaruvchilarni e'lon qilish).csproj", "{7AFEE36B-E047-411C-ABBB-1E503A82958D}"
EndProject
Project("{2150E333-8FDC-42A3-9474-1A3956D46DE8}") = "N2(Class, Funksiya)", "N2(Class, Funksiya)", "{84F09BFA-41FB-4CBC-B41C-6A005C126B4D}"
EndProject
Project("{9A19103F-16F7-4668-BE54-9A1E7A4F7556}") = "N2(Sinflar Funksiya)", "N2(Classlar Funksiya)\N2(Sinflar Funksiya)\N2(Sinflar Funksiya).csproj", "{5A6F72B6-F94D-4FCD-8BF4-CF66E528BC0D}"
EndProject
Project("{2150E333-8FDC-42A3-9474-1A3956D46DE8}") = "N3", "N3", "{98425E60-DA99-40D0-9745-6182601905C4}"
EndProject
Project("{9A19103F-16F7-4668-BE54-9A1E7A4F7556}") = "N3", "N3\N3\N3.csproj", "{5A9962A0-4E44-4B15-B779-36839357002C}"
EndProject
Project("{2150E333-8FDC-42A3-9474-1A3956D46DE8}") = "N4", "N4", "{AFB53FF7-0479-4791-978F-3E9E6C05A908}"
EndProject
Project("{9A19103F-16F7-4668-BE54-9A1E7A4F7556}") = "N4", "N4\N4\N4.csproj", "{3F98C655-717F-428B-9F9D-E19A16CB60AB}"
EndProject
Project("{9A19103F-16F7-4668-BE54-9A1E7A4F7556}") = "N5(Arrays,Foreach)", "N5\N5(Arrays,Foreach)\N5(Arrays,Foreach).csproj", "{7E6DCC5D-45FB-4D29-9504-2716535628FA}"
EndProject
Project("{2150E333-8FDC-42A3-9474-1A3956D46DE8}") = "N5", "N5", "{C4ACA7D7-1C9F-4A7C-9E0C-AA0A3A1CB5E6}"
EndProject
Project("{2150E333-8FDC-42A3-9474-1A3956D46DE8}") = "N6", "N6", "{99EABE2A-F4BF-4AD1-82F0-92D98110666F}"
EndProject
Project("{9A19103F-16F7-4668-BE54-9A1E7A4F7556}") = "N6(Data Types)", "N6\N6(Data Types)\N6(Data Types).csproj", "{2822B9CF-DE1D-4737-9D42-39167AD8175B}"
EndProject
Project("{2150E333-8FDC-42A3-9474-1A3956D46DE8}") = "N7", "N7", "{05075624-60DC-4908-B439-2913E2F4952F}"
EndProject
Project("{9A19103F-16F7-4668-BE54-9A1E7A4F7556}") = "DataTypes", "N7\DataTypes\DataTypes.csproj", "{7C007E7C-A194-4AD9-96E4-9D7AD48C8B12}"
EndProject
Project("{2150E333-8FDC-42A3-9474-1A3956D46DE8}") = "N8(Collections)", "N8(Collections)", "{6E4F5CF3-36A3-4D20-81FD-437955FF8CBC}"
EndProject
Project("{9A19103F-16F7-4668-BE54-9A1E7A4F7556}") = "Collections", "N8(Collections)\Collections\Collections.csproj", "{BDC0280F-1790-46BA-86F2-FBB650A93965}"
EndProject
Project("{2150E333-8FDC-42A3-9474-1A3956D46DE8}") = "N9 Class(static.....)", "N9 Class(static.....)", "{F30A4302-4B6F-4DD2-8A0C-F2F8A90A3B0D}"
EndProject
Project("{FAE04EC0-301F-11D3-BF4B-00C04F79EFBC}") = "Class davomi", "N9 class davomi\Class davomi\Class davomi.csproj", "{977B2083-133C-47C6-A968-1B13E82FCDA1}"
EndProject
Global
	GlobalSection(SolutionConfigurationPlatforms) = preSolution
		Debug|Any CPU = Debug|Any CPU
		Release|Any CPU = Release|Any CPU
	EndGlobalSection
	GlobalSection(ProjectConfigurationPlatforms) = postSolution
		{7AFEE36B-E047-411C-ABBB-1E503A82958D}.Debug|Any CPU.ActiveCfg = Debug|Any CPU
		{7AFEE36B-E047-411C-ABBB-1E503A82958D}.Debug|Any CPU.Build.0 = Debug|Any CPU
		{7AFEE36B-E047-411C-ABBB-1E503A82958D}.Release|Any CPU.ActiveCfg = Release|Any CPU
		{7AFEE36B-E047-411C-ABBB-1E503A82958D}.Release|Any CPU.Build.0 = Release|Any CPU
		{5A6F72B6-F94D-4FCD-8BF4-CF66E528BC0D}.Debug|Any CPU.ActiveCfg = Debug|Any CPU
		{5A6F72B6-F94D-4FCD-8BF4-CF66E528BC0D}.Debug|Any CPU.Build.0 = Debug|Any CPU
		{5A6F72B6-F94D-4FCD-8BF4-CF66E528BC0D}.Release|Any CPU.ActiveCfg = Release|Any CPU
		{5A6F72B6-F94D-4FCD-8BF4-CF66E528BC0D}.Release|Any CPU.Build.0 = Release|Any CPU
		{5A9962A0-4E44-4B15-B779-36839357002C}.Debug|Any CPU.ActiveCfg = Debug|Any CPU
		{5A9962A0-4E44-4B15-B779-36839357002C}.Debug|Any CPU.Build.0 = Debug|Any CPU
		{5A9962A0-4E44-4B15-B779-36839357002C}.Release|Any CPU.ActiveCfg = Release|Any CPU
		{5A9962A0-4E44-4B15-B779-36839357002C}.Release|Any CPU.Build.0 = Release|Any CPU
		{3F98C655-717F-428B-9F9D-E19A16CB60AB}.Debug|Any CPU.ActiveCfg = Debug|Any CPU
		{3F98C655-717F-428B-9F9D-E19A16CB60AB}.Debug|Any CPU.Build.0 = Debug|Any CPU
		{3F98C655-717F-428B-9F9D-E19A16CB60AB}.Release|Any CPU.ActiveCfg = Release|Any CPU
		{3F98C655-717F-428B-9F9D-E19A16CB60AB}.Release|Any CPU.Build.0 = Release|Any CPU
		{7E6DCC5D-45FB-4D29-9504-2716535628FA}.Debug|Any CPU.ActiveCfg = Debug|Any CPU
		{7E6DCC5D-45FB-4D29-9504-2716535628FA}.Debug|Any CPU.Build.0 = Debug|Any CPU
		{7E6DCC5D-45FB-4D29-9504-2716535628FA}.Release|Any CPU.ActiveCfg = Release|Any CPU
		{7E6DCC5D-45FB-4D29-9504-2716535628FA}.Release|Any CPU.Build.0 = Release|Any CPU
		{2822B9CF-DE1D-4737-9D42-39167AD8175B}.Debug|Any CPU.ActiveCfg = Debug|Any CPU
		{2822B9CF-DE1D-4737-9D42-39167AD8175B}.Debug|Any CPU.Build.0 = Debug|Any CPU
		{2822B9CF-DE1D-4737-9D42-39167AD8175B}.Release|Any CPU.ActiveCfg = Release|Any CPU
		{2822B9CF-DE1D-4737-9D42-39167AD8175B}.Release|Any CPU.Build.0 = Release|Any CPU
		{7C007E7C-A194-4AD9-96E4-9D7AD48C8B12}.Debug|Any CPU.ActiveCfg = Debug|Any CPU
		{7C007E7C-A194-4AD9-96E4-9D7AD48C8B12}.Debug|Any CPU.Build.0 = Debug|Any CPU
		{7C007E7C-A194-4AD9-96E4-9D7AD48C8B12}.Release|Any CPU.ActiveCfg = Release|Any CPU
		{7C007E7C-A194-4AD9-96E4-9D7AD48C8B12}.Release|Any CPU.Build.0 = Release|Any CPU
		{BDC0280F-1790-46BA-86F2-FBB650A93965}.Debug|Any CPU.ActiveCfg = Debug|Any CPU
		{BDC0280F-1790-46BA-86F2-FBB650A93965}.Debug|Any CPU.Build.0 = Debug|Any CPU
		{BDC0280F-1790-46BA-86F2-FBB650A93965}.Release|Any CPU.ActiveCfg = Release|Any CPU
		{BDC0280F-1790-46BA-86F2-FBB650A93965}.Release|Any CPU.Build.0 = Release|Any CPU
		{977B2083-133C-47C6-A968-1B13E82FCDA1}.Debug|Any CPU.ActiveCfg = Debug|Any CPU
		{977B2083-133C-47C6-A968-1B13E82FCDA1}.Debug|Any CPU.Build.0 = Debug|Any CPU
		{977B2083-133C-47C6-A968-1B13E82FCDA1}.Release|Any CPU.ActiveCfg = Release|Any CPU
		{977B2083-133C-47C6-A968-1B13E82FCDA1}.Release|Any CPU.Build.0 = Release|Any CPU
	EndGlobalSection
	GlobalSection(SolutionProperties) = preSolution
		HideSolutionNode = FALSE
	EndGlobalSection
	GlobalSection(NestedProjects) = preSolution
		{5A6F72B6-F94D-4FCD-8BF4-CF66E528BC0D} = {84F09BFA-41FB-4CBC-B41C-6A005C126B4D}
		{5A9962A0-4E44-4B15-B779-36839357002C} = {98425E60-DA99-40D0-9745-6182601905C4}
		{3F98C655-717F-428B-9F9D-E19A16CB60AB} = {AFB53FF7-0479-4791-978F-3E9E6C05A908}
		{7E6DCC5D-45FB-4D29-9504-2716535628FA} = {C4ACA7D7-1C9F-4A7C-9E0C-AA0A3A1CB5E6}
		{2822B9CF-DE1D-4737-9D42-39167AD8175B} = {99EABE2A-F4BF-4AD1-82F0-92D98110666F}
		{7C007E7C-A194-4AD9-96E4-9D7AD48C8B12} = {05075624-60DC-4908-B439-2913E2F4952F}
		{BDC0280F-1790-46BA-86F2-FBB650A93965} = {6E4F5CF3-36A3-4D20-81FD-437955FF8CBC}
		{977B2083-133C-47C6-A968-1B13E82FCDA1} = {F30A4302-4B6F-4DD2-8A0C-F2F8A90A3B0D}
	EndGlobalSection
	GlobalSection(ExtensibilityGlobals) = postSolution
		SolutionGuid = {5A5D9EC0-59C5-4D75-96AD-15FC686D7B46}
	EndGlobalSection
EndGlobal
